
Microsoft Visual Studio Solution File, Format Version 12.00
# Visual Studio Version 17
VisualStudioVersion = 17.5.002.0
MinimumVisualStudioVersion = 10.0.40219.1
Project("{9A19103F-16F7-4668-BE54-9A1E7A4F7556}") = "src", "src\src.csproj", "{B32DBAEC-F326-4AFF-9471-CFDE8CC23C32}"
EndProject
Global
	GlobalSection(SolutionConfigurationPlatforms) = preSolution
		Debug|Any CPU = Debug|Any CPU
		Release|Any CPU = Release|Any CPU
	EndGlobalSection
	GlobalSection(ProjectConfigurationPlatforms) = postSolution
		{B32DBAEC-F326-4AFF-9471-CFDE8CC23C32}.Debug|Any CPU.ActiveCfg = Debug|Any CPU
		{B32DBAEC-F326-4AFF-9471-CFDE8CC23C32}.Debug|Any CPU.Build.0 = Debug|Any CPU
		{B32DBAEC-F326-4AFF-9471-CFDE8CC23C32}.Release|Any CPU.ActiveCfg = Release|Any CPU
		{B32DBAEC-F326-4AFF-9471-CFDE8CC23C32}.Release|Any CPU.Build.0 = Release|Any CPU
	EndGlobalSection
	GlobalSection(SolutionProperties) = preSolution
		HideSolutionNode = FALSE
	EndGlobalSection
	GlobalSection(ExtensibilityGlobals) = postSolution
		SolutionGuid = {5A4F8C10-3735-4A43-99C4-1502E5BA6A8B}
	EndGlobalSection
EndGlobal
